Microsoft Visual Studio Solution File, Format Version 12.00
# Visual Studio Version 17
VisualStudioVersion = 17.13.35731.43
MinimumVisualStudioVersion = 10.0.40219.1
Project("{8BC9CEB8-8B4A-11D0-8D11-00A0C91BC942}") = "08 Memory Management", "08 Memory Management.vcxproj", "{811023E6-DF3C-4F0D-89B5-8E5936C18A55}"
EndProject
Global
	GlobalSection(SolutionConfigurationPlatforms) = preSolution
		Debug|x64 = Debug|x64
		Debug|x86 = Debug|x86
		Release|x64 = Release|x64
		Release|x86 = Release|x86
	EndGlobalSection
	GlobalSection(ProjectConfigurationPlatforms) = postSolution
		{811023E6-DF3C-4F0D-89B5-8E5936C18A55}.Debug|x64.ActiveCfg = Debug|x64
		{811023E6-DF3C-4F0D-89B5-8E5936C18A55}.Debug|x64.Build.0 = Debug|x64
		{811023E6-DF3C-4F0D-89B5-8E5936C18A55}.Debug|x86.ActiveCfg = Debug|Win32
		{811023E6-DF3C-4F0D-89B5-8E5936C18A55}.Debug|x86.Build.0 = Debug|Win32
		{811023E6-DF3C-4F0D-89B5-8E5936C18A55}.Release|x64.ActiveCfg = Release|x64
		{811023E6-DF3C-4F0D-89B5-8E5936C18A55}.Release|x64.Build.0 = Release|x64
		{811023E6-DF3C-4F0D-89B5-8E5936C18A55}.Release|x86.ActiveCfg = Release|Win32
		{811023E6-DF3C-4F0D-89B5-8E5936C18A55}.Release|x86.Build.0 = Release|Win32
	EndGlobalSection
	GlobalSection(SolutionProperties) = preSolution
		HideSolutionNode = FALSE
	EndGlobalSection
	GlobalSection(ExtensibilityGlobals) = postSolution
		SolutionGuid = {3C53A49F-0DA7-4CBC-8765-CF44689ECE44}
	EndGlobalSection
EndGlobal
